# THIS IS AN AUTOGENERATED FILE. DO NOT EDIT THIS FILE DIRECTLY.
# yarn lockfile v1


"@types/unist@^2.0.0":
  version "2.0.3"
  resolved "https://registry.yarnpkg.com/@types/unist/-/unist-2.0.3.tgz#9c088679876f374eb5983f150d4787aa6fb32d7e"
  integrity sha512-FvUupuM3rlRsRtCN+fDudtmytGO6iHJuuRKS1Ss0pG5z8oX0diNEw94UEL7hgDbpN94rgaK5R7sWm6RrSkZuAQ==

fs-extra@^8.0.1:
  version "8.1.0"
  resolved "https://registry.yarnpkg.com/fs-extra/-/fs-extra-8.1.0.tgz#49d43c45a88cd9677668cb7be1b46efdb8d2e1c0"
  integrity sha512-yhlQgA6mnOJUKOsRUFsgJdQCvkKhcz8tlZG5HBQfReYZy46OwLcY+Zia0mtdHsOo9y/hP+CxMN0TU9QxoOtG4g==
  dependencies:
    graceful-fs "^4.2.0"
    jsonfile "^4.0.0"
    universalify "^0.1.0"

graceful-fs@^4.1.6, graceful-fs@^4.2.0:
  version "4.2.4"
  resolved "https://registry.yarnpkg.com/graceful-fs/-/graceful-fs-4.2.4.tgz#2256bde14d3632958c465ebc96dc467ca07a29fb"
  integrity sha512-WjKPNJF79dtJAVniUlGGWHYGz2jWxT6VhN/4m1NdkbZ2nOsEF+cI1Edgql5zCRhs/VsQYRvrXctxktVXZUkixw==

jsonfile@^4.0.0:
  version "4.0.0"
  resolved "https://registry.yarnpkg.com/jsonfile/-/jsonfile-4.0.0.tgz#8771aae0799b64076b76640fca058f9c10e33ecb"
  integrity sha1-h3Gq4HmbZAdrdmQPygWPnBDjPss=
  optionalDependencies:
    graceful-fs "^4.1.6"

jsonfile@^5.0.0:
  version "5.0.0"
  resolved "https://registry.yarnpkg.com/jsonfile/-/jsonfile-5.0.0.tgz#e6b718f73da420d612823996fdf14a03f6ff6922"
  integrity sha512-NQRZ5CRo74MhMMC3/3r5g2k4fjodJ/wh8MxjFbCViWKFjxrnudWSY5vomh+23ZaXzAS7J3fBZIR2dV6WbmfM0w==
  dependencies:
    universalify "^0.1.2"
  optionalDependencies:
    graceful-fs "^4.1.6"

twemoji-parser@13.0.0:
  version "13.0.0"
  resolved "https://registry.yarnpkg.com/twemoji-parser/-/twemoji-parser-13.0.0.tgz#bd9d1b98474f1651dc174696b45cabefdfa405af"
  integrity sha512-zMaGdskpH8yKjT2RSE/HwE340R4Fm+fbie4AaqjDa4H/l07YUmAvxkSfNl6awVWNRRQ0zdzLQ8SAJZuY5MgstQ==

twemoji@^13.0.1:
  version "13.0.1"
  resolved "https://registry.yarnpkg.com/twemoji/-/twemoji-13.0.1.tgz#57ddc8bd86c8175c11376f5f9ab322a02e739c2d"
  integrity sha512-mrTBq+XpCLM4zm76NJOjLHoQNV9mHdBt3Cba/T5lS1rxn8ArwpqE47mqTocupNlkvcLxoeZJjYSUW0DU5ZwqZg==
  dependencies:
    fs-extra "^8.0.1"
    jsonfile "^5.0.0"
    twemoji-parser "13.0.0"
    universalify "^0.1.2"

unist-util-is@^5.0.0:
  version "5.0.0"
  resolved "https://registry.yarnpkg.com/unist-util-is/-/unist-util-is-5.0.0.tgz#c71eddea34aa7009d54f671a6fafb3779b8035d3"
  integrity sha512-G4p13DhfdUNmlnJxd0uy5Skx1FG58LSDhX8h1xgpeSq0omOQ4ZN5BO54ToFlNX55NDTbRHMdwTOJXqAieInSEA==

unist-util-visit-parents@^4.0.0:
  version "4.0.0"
  resolved "https://registry.yarnpkg.com/unist-util-visit-parents/-/unist-util-visit-parents-4.0.0.tgz#0dfc00046ac753517ffaaf59b80d1ac892b352a6"
  integrity sha512-QyATSx30wHguIzI82+GVeuXGnFlh3AUVcyeZPOo5Paz2Z52zfRe3/0WLlBv6XlMWcr5xEdFqox6PteUL6hzEFA==
  dependencies:
    "@types/unist" "^2.0.0"
    unist-util-is "^5.0.0"

unist-util-visit@^3.0.0:
  version "3.0.0"
  resolved "https://registry.yarnpkg.com/unist-util-visit/-/unist-util-visit-3.0.0.tgz#a8e239038f7b29aadc649a6080f42bc85ea1a7bc"
  integrity sha512-RbFwAZhMekKPZxlAhUIiBwim8NogwUtwLbIjvZehaGORYRDWcApsnGI1VDUHr/Jo6yW1u8VOqO/djbd7Hpz88A==
  dependencies:
    "@types/unist" "^2.0.0"
    unist-util-is "^5.0.0"
    unist-util-visit-parents "^4.0.0"

universalify@^0.1.0, universalify@^0.1.2:
  version "0.1.2"
  resolved "https://registry.yarnpkg.com/universalify/-/universalify-0.1.2.tgz#b646f69be3942dabcecc9d6639c80dc105efaa66"
  integrity sha512-rBJeI5CXAlmy1pV+617WB9J63U6XcazHHF2f2dbJix4XzpUF0RS3Zbj0FGIOCAva5P/d/GBOYaACQ1w+0azUkg==
